
Microsoft Visual Studio Solution File, Format Version 11.00
# Visual Studio 2010
Project("{FAE04EC0-301F-11D3-BF4B-00C04F79EFBC}") = "MailPimp.Site", "MailPimp.Site\MailPimp.Site.csproj", "{D88E6D4F-EBCE-42F3-9017-3CD0739C3ECA}"
EndProject
Project("{FAE04EC0-301F-11D3-BF4B-00C04F79EFBC}") = "MailPimp", "MailPimp\MailPimp.csproj", "{0A680369-534A-4D8B-8323-88DF71FBF7A8}"
EndProject
Global
	GlobalSection(SolutionConfigurationPlatforms) = preSolution
		Debug|Any CPU = Debug|Any CPU
		Release|Any CPU = Release|Any CPU
	EndGlobalSection
	GlobalSection(ProjectConfigurationPlatforms) = postSolution
		{D88E6D4F-EBCE-42F3-9017-3CD0739C3ECA}.Debug|Any CPU.ActiveCfg = Debug|Any CPU
		{D88E6D4F-EBCE-42F3-9017-3CD0739C3ECA}.Debug|Any CPU.Build.0 = Debug|Any CPU
		{D88E6D4F-EBCE-42F3-9017-3CD0739C3ECA}.Release|Any CPU.ActiveCfg = Release|Any CPU
		{D88E6D4F-EBCE-42F3-9017-3CD0739C3ECA}.Release|Any CPU.Build.0 = Release|Any CPU
		{0A680369-534A-4D8B-8323-88DF71FBF7A8}.Debug|Any CPU.ActiveCfg = Debug|Any CPU
		{0A680369-534A-4D8B-8323-88DF71FBF7A8}.Debug|Any CPU.Build.0 = Debug|Any CPU
		{0A680369-534A-4D8B-8323-88DF71FBF7A8}.Release|Any CPU.ActiveCfg = Release|Any CPU
		{0A680369-534A-4D8B-8323-88DF71FBF7A8}.Release|Any CPU.Build.0 = Release|Any CPU
	EndGlobalSection
	GlobalSection(SolutionProperties) = preSolution
		HideSolutionNode = FALSE
	EndGlobalSection
EndGlobal
